
Microsoft Visual Studio Solution File, Format Version 12.00
# Visual Studio Version 17
VisualStudioVersion = 17.2.32616.157
MinimumVisualStudioVersion = 10.0.40219.1
Project("{FAE04EC0-301F-11D3-BF4B-00C04F79EFBC}") = "DataAndAlgo", "DataAndAlgo.csproj", "{DDEFD148-7C27-4C40-B05B-0D7C9EA37538}"
EndProject
Global
	GlobalSection(SolutionConfigurationPlatforms) = preSolution
		Debug|Any CPU = Debug|Any CPU
		Release|Any CPU = Release|Any CPU
	EndGlobalSection
	GlobalSection(ProjectConfigurationPlatforms) = postSolution
		{DDEFD148-7C27-4C40-B05B-0D7C9EA37538}.Debug|Any CPU.ActiveCfg = Debug|Any CPU
		{DDEFD148-7C27-4C40-B05B-0D7C9EA37538}.Debug|Any CPU.Build.0 = Debug|Any CPU
		{DDEFD148-7C27-4C40-B05B-0D7C9EA37538}.Release|Any CPU.ActiveCfg = Release|Any CPU
		{DDEFD148-7C27-4C40-B05B-0D7C9EA37538}.Release|Any CPU.Build.0 = Release|Any CPU
	EndGlobalSection
	GlobalSection(SolutionProperties) = preSolution
		HideSolutionNode = FALSE
	EndGlobalSection
	GlobalSection(ExtensibilityGlobals) = postSolution
		SolutionGuid = {9DEF188E-7D35-4144-8F65-64B390BF2828}
	EndGlobalSection
EndGlobal
